
Microsoft Visual Studio Solution File, Format Version 12.00
# Visual Studio 15
VisualStudioVersion = 15.0.26124.0
MinimumVisualStudioVersion = 15.0.26124.0
Project("{FAE04EC0-301F-11D3-BF4B-00C04F79EFBC}") = "API", "API\API.csproj", "{12D1150C-A477-4C40-97FD-175E2BF7F08C}"
EndProject
Project("{FAE04EC0-301F-11D3-BF4B-00C04F79EFBC}") = "Core", "Core\Core.csproj", "{CA16C607-1788-4479-9CB5-7EF9F13D2AB6}"
EndProject
Project("{FAE04EC0-301F-11D3-BF4B-00C04F79EFBC}") = "Infrastructure", "Infrastructure\Infrastructure.csproj", "{D14AA989-DB2F-4975-9453-1824EA44BBCE}"
EndProject
Global
	GlobalSection(SolutionConfigurationPlatforms) = preSolution
		Debug|Any CPU = Debug|Any CPU
		Debug|x64 = Debug|x64
		Debug|x86 = Debug|x86
		Release|Any CPU = Release|Any CPU
		Release|x64 = Release|x64
		Release|x86 = Release|x86
	EndGlobalSection
	GlobalSection(SolutionProperties) = preSolution
		HideSolutionNode = FALSE
	EndGlobalSection
	GlobalSection(ProjectConfigurationPlatforms) = postSolution
		{12D1150C-A477-4C40-97FD-175E2BF7F08C}.Debug|Any CPU.ActiveCfg = Debug|Any CPU
		{12D1150C-A477-4C40-97FD-175E2BF7F08C}.Debug|Any CPU.Build.0 = Debug|Any CPU
		{12D1150C-A477-4C40-97FD-175E2BF7F08C}.Debug|x64.ActiveCfg = Debug|Any CPU
		{12D1150C-A477-4C40-97FD-175E2BF7F08C}.Debug|x64.Build.0 = Debug|Any CPU
		{12D1150C-A477-4C40-97FD-175E2BF7F08C}.Debug|x86.ActiveCfg = Debug|Any CPU
		{12D1150C-A477-4C40-97FD-175E2BF7F08C}.Debug|x86.Build.0 = Debug|Any CPU
		{12D1150C-A477-4C40-97FD-175E2BF7F08C}.Release|Any CPU.ActiveCfg = Release|Any CPU
		{12D1150C-A477-4C40-97FD-175E2BF7F08C}.Release|Any CPU.Build.0 = Release|Any CPU
		{12D1150C-A477-4C40-97FD-175E2BF7F08C}.Release|x64.ActiveCfg = Release|Any CPU
		{12D1150C-A477-4C40-97FD-175E2BF7F08C}.Release|x64.Build.0 = Release|Any CPU
		{12D1150C-A477-4C40-97FD-175E2BF7F08C}.Release|x86.ActiveCfg = Release|Any CPU
		{12D1150C-A477-4C40-97FD-175E2BF7F08C}.Release|x86.Build.0 = Release|Any CPU
		{CA16C607-1788-4479-9CB5-7EF9F13D2AB6}.Debug|Any CPU.ActiveCfg = Debug|Any CPU
		{CA16C607-1788-4479-9CB5-7EF9F13D2AB6}.Debug|Any CPU.Build.0 = Debug|Any CPU
		{CA16C607-1788-4479-9CB5-7EF9F13D2AB6}.Debug|x64.ActiveCfg = Debug|Any CPU
		{CA16C607-1788-4479-9CB5-7EF9F13D2AB6}.Debug|x64.Build.0 = Debug|Any CPU
		{CA16C607-1788-4479-9CB5-7EF9F13D2AB6}.Debug|x86.ActiveCfg = Debug|Any CPU
		{CA16C607-1788-4479-9CB5-7EF9F13D2AB6}.Debug|x86.Build.0 = Debug|Any CPU
		{CA16C607-1788-4479-9CB5-7EF9F13D2AB6}.Release|Any CPU.ActiveCfg = Release|Any CPU
		{CA16C607-1788-4479-9CB5-7EF9F13D2AB6}.Release|Any CPU.Build.0 = Release|Any CPU
		{CA16C607-1788-4479-9CB5-7EF9F13D2AB6}.Release|x64.ActiveCfg = Release|Any CPU
		{CA16C607-1788-4479-9CB5-7EF9F13D2AB6}.Release|x64.Build.0 = Release|Any CPU
		{CA16C607-1788-4479-9CB5-7EF9F13D2AB6}.Release|x86.ActiveCfg = Release|Any CPU
		{CA16C607-1788-4479-9CB5-7EF9F13D2AB6}.Release|x86.Build.0 = Release|Any CPU
		{D14AA989-DB2F-4975-9453-1824EA44BBCE}.Debug|Any CPU.ActiveCfg = Debug|Any CPU
		{D14AA989-DB2F-4975-9453-1824EA44BBCE}.Debug|Any CPU.Build.0 = Debug|Any CPU
		{D14AA989-DB2F-4975-9453-1824EA44BBCE}.Debug|x64.ActiveCfg = Debug|Any CPU
		{D14AA989-DB2F-4975-9453-1824EA44BBCE}.Debug|x64.Build.0 = Debug|Any CPU
		{D14AA989-DB2F-4975-9453-1824EA44BBCE}.Debug|x86.ActiveCfg = Debug|Any CPU
		{D14AA989-DB2F-4975-9453-1824EA44BBCE}.Debug|x86.Build.0 = Debug|Any CPU
		{D14AA989-DB2F-4975-9453-1824EA44BBCE}.Release|Any CPU.ActiveCfg = Release|Any CPU
		{D14AA989-DB2F-4975-9453-1824EA44BBCE}.Release|Any CPU.Build.0 = Release|Any CPU
		{D14AA989-DB2F-4975-9453-1824EA44BBCE}.Release|x64.ActiveCfg = Release|Any CPU
		{D14AA989-DB2F-4975-9453-1824EA44BBCE}.Release|x64.Build.0 = Release|Any CPU
		{D14AA989-DB2F-4975-9453-1824EA44BBCE}.Release|x86.ActiveCfg = Release|Any CPU
		{D14AA989-DB2F-4975-9453-1824EA44BBCE}.Release|x86.Build.0 = Release|Any CPU
	EndGlobalSection
EndGlobal
